
Microsoft Visual Studio Solution File, Format Version 12.00
# Visual Studio Version 16
VisualStudioVersion = 16.0.30104.148
MinimumVisualStudioVersion = 10.0.40219.1
Project("{9A19103F-16F7-4668-BE54-9A1E7A4F7556}") = "MediatR.RequestAuthorization.AspNetCore", "MediatR.RequestAuthorization.AspNetCore\MediatR.RequestAuthorization.AspNetCore.csproj", "{E509F7C8-2994-4590-B9CC-10AD2B48BA4A}"
EndProject
Project("{2150E333-8FDC-42A3-9474-1A3956D46DE8}") = "Solution Items", "Solution Items", "{EB384282-78EA-4F17-A7F2-967A0BD5229E}"
	ProjectSection(SolutionItems) = preProject
		README.md = README.md
	EndProjectSection
EndProject
Project("{FAE04EC0-301F-11D3-BF4B-00C04F79EFBC}") = "TestCore", "TestCore\TestCore.csproj", "{2693F51C-D59A-4ED7-8ACE-FCF21A70666C}"
EndProject
Project("{FAE04EC0-301F-11D3-BF4B-00C04F79EFBC}") = "NUnitTest", "NUnitTest\NUnitTest.csproj", "{25F3ABA1-0C55-48C5-AAD4-2560B417C2D2}"
EndProject
Global
	GlobalSection(SolutionConfigurationPlatforms) = preSolution
		Debug|Any CPU = Debug|Any CPU
		Release|Any CPU = Release|Any CPU
	EndGlobalSection
	GlobalSection(ProjectConfigurationPlatforms) = postSolution
		{E509F7C8-2994-4590-B9CC-10AD2B48BA4A}.Debug|Any CPU.ActiveCfg = Debug|Any CPU
		{E509F7C8-2994-4590-B9CC-10AD2B48BA4A}.Debug|Any CPU.Build.0 = Debug|Any CPU
		{E509F7C8-2994-4590-B9CC-10AD2B48BA4A}.Release|Any CPU.ActiveCfg = Release|Any CPU
		{E509F7C8-2994-4590-B9CC-10AD2B48BA4A}.Release|Any CPU.Build.0 = Release|Any CPU
		{2693F51C-D59A-4ED7-8ACE-FCF21A70666C}.Debug|Any CPU.ActiveCfg = Debug|Any CPU
		{2693F51C-D59A-4ED7-8ACE-FCF21A70666C}.Debug|Any CPU.Build.0 = Debug|Any CPU
		{2693F51C-D59A-4ED7-8ACE-FCF21A70666C}.Release|Any CPU.ActiveCfg = Release|Any CPU
		{2693F51C-D59A-4ED7-8ACE-FCF21A70666C}.Release|Any CPU.Build.0 = Release|Any CPU
		{25F3ABA1-0C55-48C5-AAD4-2560B417C2D2}.Debug|Any CPU.ActiveCfg = Debug|Any CPU
		{25F3ABA1-0C55-48C5-AAD4-2560B417C2D2}.Debug|Any CPU.Build.0 = Debug|Any CPU
		{25F3ABA1-0C55-48C5-AAD4-2560B417C2D2}.Release|Any CPU.ActiveCfg = Release|Any CPU
		{25F3ABA1-0C55-48C5-AAD4-2560B417C2D2}.Release|Any CPU.Build.0 = Release|Any CPU
	EndGlobalSection
	GlobalSection(SolutionProperties) = preSolution
		HideSolutionNode = FALSE
	EndGlobalSection
	GlobalSection(ExtensibilityGlobals) = postSolution
		SolutionGuid = {9EA9A49D-00FE-4068-8DEA-2EEC3EF03BAC}
	EndGlobalSection
EndGlobal
